// !$*UTF8*$!
{
	archiveVersion = 1;
	classes = {
	};
	objectVersion = 46;
	objects = {

/* Begin PBXBuildFile section */
		84DF75B31FD25A1400874C83 /* main.c in Sources */ = {isa = PBXBuildFile; fileRef = 84DF75B21FD25A1400874C83 /* main.c */; };
		84DF75BB1FD25A2F00874C83 /* convert.c in Sources */ = {isa = PBXBuildFile; fileRef = 84DF75B91FD25A2F00874C83 /* convert.c */; };
/* End PBXBuildFile section */

/* Begin PBXCopyFilesBuildPhase section */
		84DF75AD1FD25A1400874C83 /* CopyFiles */ = {
			isa = PBXCopyFilesBuildPhase;
			buildActionMask = 2147483647;
			dstPath = /usr/share/man/man1/;
			dstSubfolderSpec = 0;
			files = (
			);
			runOnlyForDeploymentPostprocessing = 1;
		};
/* End PBXCopyFilesBuildPhase section */

/* Begin PBXFileReference section */
		84DF75AF1FD25A1400874C83 /* 注释转换2 */ = {isa = PBXFileReference; explicitFileType = "compiled.mach-o.executable"; includeInIndex = 0; path = "注释转换2"; sourceTree = BUILT_PRODUCTS_DIR; };
		84DF75B21FD25A1400874C83 /* main.c */ = {isa = PBXFileReference; lastKnownFileType = sourcecode.c.c; path = main.c; sourceTree = "<group>"; };
		84DF75B91FD25A2F00874C83 /* convert.c */ = {isa = PBXFileReference; fileEncoding = 4; lastKnownFileType = sourcecode.c.c; path = convert.c; sourceTree = "<group>"; };
		84DF75BD1FD25E0200874C83 /* convert.h */ = {isa = PBXFileReference; lastKnownFileType = sourcecode.c.h; path = convert.h; sourceTree = "<group>"; };
/* End PBXFileReference section */

/* Begin PBXFrameworksBuildPhase section */
		84DF75AC1FD25A1400874C83 /* Frameworks */ = {
			isa = PBXFrameworksBuildPhase;
			buildActionMask = 2147483647;
			files = (
			);
			runOnlyForDeploymentPostprocessing = 0;
		};
/* End PBXFrameworksBuildPhase section */

/* Begin PBXGroup section */
		84DF75A61FD25A1400874C83 = {
			isa = PBXGroup;
			children = (
				84DF75B11FD25A1400874C83 /* 注释转换2 */,
				84DF75B01FD25A1400874C83 /* Products */,
			);
			sourceTree = "<group>";
		};
		84DF75B01FD25A1400874C83 /* Products */ = {
			isa = PBXGroup;
			children = (
				84DF75AF1FD25A1400874C83 /* 注释转换2 */,
			);
			name = Products;
			sourceTree = "<group>";
		};
		84DF75B11FD25A1400874C83 /* 注释转换2 */ = {
			isa = PBXGroup;
			children = (
				84DF75B21FD25A1400874C83 /* main.c */,
				84DF75BD1FD25E0200874C83 /* convert.h */,
				84DF75B91FD25A2F00874C83 /* convert.c */,
			);
			path = "注释转换2";
			sourceTree = "<group>";
		};
/* End PBXGroup section */

/* Begin PBXNativeTarget section */
		84DF75AE1FD25A1400874C83 /* 注释转换2 */ = {
			isa = PBXNativeTarget;
			buildConfigurationList = 84DF75B61FD25A1400874C83 /* Build configuration list for PBXNativeTarget "注释转换2" */;
			buildPhases = (
				84DF75AB1FD25A1400874C83 /* Sources */,
				84DF75AC1FD25A1400874C83 /* Frameworks */,
				84DF75AD1FD25A1400874C83 /* CopyFiles */,
			);
			buildRules = (
			);
			dependencies = (
			);
			name = "注释转换2";
			productName = "注释转换2";
			productReference = 84DF75AF1FD25A1400874C83 /* 注释转换2 */;
			productType = "com.apple.product-type.tool";
		};
/* End PBXNativeTarget section */

/* Begin PBXProject section */
		84DF75A71FD25A1400874C83 /* Project object */ = {
			isa = PBXProject;
			attributes = {
				LastUpgradeCheck = 0820;
				ORGANIZATIONNAME = Amon;
				TargetAttributes = {
					84DF75AE1FD25A1400874C83 = {
						CreatedOnToolsVersion = 8.2.1;
						DevelopmentTeam = EP9ZZ7H4EH;
						ProvisioningStyle = Automatic;
					};
				};
			};
			buildConfigurationList = 84DF75AA1FD25A1400874C83 /* Build configuration list for PBXProject "注释转换2" */;
			compatibilityVersion = "Xcode 3.2";
			developmentRegion = English;
			hasScannedForEncodings = 0;
			knownRegions = (
				en,
			);
			mainGroup = 84DF75A61FD25A1400874C83;
			productRefGroup = 84DF75B01FD25A1400874C83 /* Products */;
			projectDirPath = "";
			projectRoot = "";
			targets = (
				84DF75AE1FD25A1400874C83 /* 注释转换2 */,
			);
		};
/* End PBXProject section */

/* Begin PBXSourcesBuildPhase section */
		84DF75AB1FD25A1400874C83 /* Sources */ = {
			isa = PBXSourcesBuildPhase;
			buildActionMask = 2147483647;
			files = (
				84DF75B31FD25A1400874C83 /* main.c in Sources */,
				84DF75BB1FD25A2F00874C83 /* convert.c in Sources */,
			);
			runOnlyForDeploymentPostprocessing = 0;
		};
/* End PBXSourcesBuildPhase section */

/* Begin XCBuildConfiguration section */
		84DF75B41FD25A1400874C83 /* Debug */ = {
			isa = XCBuildConfiguration;
			buildSettings = {
				ALWAYS_SEARCH_USER_PATHS = NO;
				CLANG_ANALYZER_NONNULL = YES;
				CLANG_CXX_LANGUAGE_STANDARD = "gnu++0x";
				CLANG_CXX_LIBRARY = "libc++";
				CLANG_ENABLE_MODULES = YES;
				CLANG_ENABLE_OBJC_ARC = YES;
				CLANG_WARN_BOOL_CONVERSION = YES;
				CLANG_WARN_CONSTANT_CONVERSION = YES;
				CLANG_WARN_DIRECT_OBJC_ISA_USAGE = YES_ERROR;
				CLANG_WARN_DOCUMENTATION_COMMENTS = YES;
				CLANG_WARN_EMPTY_BODY = YES;
				CLANG_WARN_ENUM_CONVERSION = YES;
				CLANG_WARN_INFINITE_RECURSION = YES;
				CLANG_WARN_INT_CONVERSION = YES;
				CLANG_WARN_OBJC_ROOT_CLASS = YES_ERROR;
				CLANG_WARN_SUSPICIOUS_MOVE = YES;
				CLANG_WARN_UNREACHABLE_CODE = YES;
				CLANG_WARN__DUPLICATE_METHOD_MATCH = YES;
				CODE_SIGN_IDENTITY = "-";
				COPY_PHASE_STRIP = NO;
				DEBUG_INFORMATION_FORMAT = dwarf;
				ENABLE_STRICT_OBJC_MSGSEND = YES;
				ENABLE_TESTABILITY = YES;
				GCC_C_LANGUAGE_STANDARD = gnu99;
				GCC_DYNAMIC_NO_PIC = NO;
				GCC_NO_COMMON_BLOCKS = YES;
				GCC_OPTIMIZATION_LEVEL = 0;
				GCC_PREPROCESSOR_DEFINITIONS = (
					"DEBUG=1",
					"$(inherited)",
				);
				GCC_WARN_64_TO_32_BIT_CONVERSION = YES;
				GCC_WARN_ABOUT_RETURN_TYPE = YES_ERROR;
				GCC_WARN_UNDECLARED_SELECTOR = YES;
				GCC_WARN_UNINITIALIZED_AUTOS = YES_AGGRESSIVE;
				GCC_WARN_UNUSED_FUNCTION = YES;
				GCC_WARN_UNUSED_VARIABLE = YES;
				MACOSX_DEPLOYMENT_TARGET = 10.11;
				MTL_ENABLE_DEBUG_INFO = YES;
				ONLY_ACTIVE_ARCH = YES;
				SDKROOT = macosx;
			};
			name = Debug;
		};
		84DF75B51FD25A1400874C83 /* Release */ = {
			isa = XCBuildConfiguration;
			buildSettings = {
				ALWAYS_SEARCH_USER_PATHS = NO;
				CLANG_ANALYZER_NONNULL = YES;
				CLANG_CXX_LANGUAGE_STANDARD = "gnu++0x";
				CLANG_CXX_LIBRARY = "libc++";
				CLANG_ENABLE_MODULES = YES;
				CLANG_ENABLE_OBJC_ARC = YES;
				CLANG_WARN_BOOL_CONVERSION = YES;
				CLANG_WARN_CONSTANT_CONVERSION = YES;
				CLANG_WARN_DIRECT_OBJC_ISA_USAGE = YES_ERROR;
				CLANG_WARN_DOCUMENTATION_COMMENTS = YES;
				CLANG_WARN_EMPTY_BODY = YES;
				CLANG_WARN_ENUM_CONVERSION = YES;
				CLANG_WARN_INFINITE_RECURSION = YES;
				CLANG_WARN_INT_CONVERSION = YES;
				CLANG_WARN_OBJC_ROOT_CLASS = YES_ERROR;
				CLANG_WARN_SUSPICIOUS_MOVE = YES;
				CLANG_WARN_UNREACHABLE_CODE = YES;
				CLANG_WARN__DUPLICATE_METHOD_MATCH = YES;
				CODE_SIGN_IDENTITY = "-";
				COPY_PHASE_STRIP = NO;
				DEBUG_INFORMATION_FORMAT = "dwarf-with-dsym";
				ENABLE_NS_ASSERTIONS = NO;
				ENABLE_STRICT_OBJC_MSGSEND = YES;
				GCC_C_LANGUAGE_STANDARD = gnu99;
				GCC_NO_COMMON_BLOCKS = YES;
				GCC_WARN_64_TO_32_BIT_CONVERSION = YES;
				GCC_WARN_ABOUT_RETURN_TYPE = YES_ERROR;
				GCC_WARN_UNDECLARED_SELECTOR = YES;
				GCC_WARN_UNINITIALIZED_AUTOS = YES_AGGRESSIVE;
				GCC_WARN_UNUSED_FUNCTION = YES;
				GCC_WARN_UNUSED_VARIABLE = YES;
				MACOSX_DEPLOYMENT_TARGET = 10.11;
				MTL_ENABLE_DEBUG_INFO = NO;
				SDKROOT = macosx;
			};
			name = Release;
		};
		84DF75B71FD25A1400874C83 /* Debug */ = {
			isa = XCBuildConfiguration;
			buildSettings = {
				DEVELOPMENT_TEAM = EP9ZZ7H4EH;
				PRODUCT_NAME = "$(TARGET_NAME)";
			};
			name = Debug;
		};
		84DF75B81FD25A1400874C83 /* Release */ = {
			isa = XCBuildConfiguration;
			buildSettings = {
				DEVELOPMENT_TEAM = EP9ZZ7H4EH;
				PRODUCT_NAME = "$(TARGET_NAME)";
			};
			name = Release;
		};
/* End XCBuildConfiguration section */

/* Begin XCConfigurationList section */
		84DF75AA1FD25A1400874C83 /* Build configuration list for PBXProject "注释转换2" */ = {
			isa = XCConfigurationList;
			buildConfigurations = (
				84DF75B41FD25A1400874C83 /* Debug */,
				84DF75B51FD25A1400874C83 /* Release */,
			);
			defaultConfigurationIsVisible = 0;
			defaultConfigurationName = Release;
		};
		84DF75B61FD25A1400874C83 /* Build configuration list for PBXNativeTarget "注释转换2" */ = {
			isa = XCConfigurationList;
			buildConfigurations = (
				84DF75B71FD25A1400874C83 /* Debug */,
				84DF75B81FD25A1400874C83 /* Release */,
			);
			defaultConfigurationIsVisible = 0;
		};
/* End XCConfigurationList section */
	};
	rootObject = 84DF75A71FD25A1400874C83 /* Project object */;
}
