// !$*UTF8*$!
{
	archiveVersion = 1;
	classes = {
	};
	objectVersion = 46;
	objects = {

/* Begin PBXBuildFile section */
		84F086CC1FD6756F008C3116 /* main.c in Sources */ = {isa = PBXBuildFile; fileRef = 84F086CB1FD6756F008C3116 /* main.c */; };
		84F086D41FD6758A008C3116 /* project.c in Sources */ = {isa = PBXBuildFile; fileRef = 84F086D21FD6758A008C3116 /* project.c */; };
/* End PBXBuildFile section */

/* Begin PBXCopyFilesBuildPhase section */
		84F086C61FD6756F008C3116 /* CopyFiles */ = {
			isa = PBXCopyFilesBuildPhase;
			buildActionMask = 2147483647;
			dstPath = /usr/share/man/man1/;
			dstSubfolderSpec = 0;
			files = (
			);
			runOnlyForDeploymentPostprocessing = 1;
		};
/* End PBXCopyFilesBuildPhase section */

/* Begin PBXFileReference section */
		84F086C81FD6756F008C3116 /* 扫雷 */ = {isa = PBXFileReference; explicitFileType = "compiled.mach-o.executable"; includeInIndex = 0; path = "扫雷"; sourceTree = BUILT_PRODUCTS_DIR; };
		84F086CB1FD6756F008C3116 /* main.c */ = {isa = PBXFileReference; lastKnownFileType = sourcecode.c.c; path = main.c; sourceTree = "<group>"; };
		84F086D21FD6758A008C3116 /* project.c */ = {isa = PBXFileReference; fileEncoding = 4; lastKnownFileType = sourcecode.c.c; path = project.c; sourceTree = "<group>"; };
		84F086D31FD6758A008C3116 /* project.h */ = {isa = PBXFileReference; fileEncoding = 4; lastKnownFileType = sourcecode.c.h; path = project.h; sourceTree = "<group>"; };
/* End PBXFileReference section */

/* Begin PBXFrameworksBuildPhase section */
		84F086C51FD6756F008C3116 /* Frameworks */ = {
			isa = PBXFrameworksBuildPhase;
			buildActionMask = 2147483647;
			files = (
			);
			runOnlyForDeploymentPostprocessing = 0;
		};
/* End PBXFrameworksBuildPhase section */

/* Begin PBXGroup section */
		84F086BF1FD6756F008C3116 = {
			isa = PBXGroup;
			children = (
				84F086CA1FD6756F008C3116 /* 扫雷 */,
				84F086C91FD6756F008C3116 /* Products */,
			);
			sourceTree = "<group>";
		};
		84F086C91FD6756F008C3116 /* Products */ = {
			isa = PBXGroup;
			children = (
				84F086C81FD6756F008C3116 /* 扫雷 */,
			);
			name = Products;
			sourceTree = "<group>";
		};
		84F086CA1FD6756F008C3116 /* 扫雷 */ = {
			isa = PBXGroup;
			children = (
				84F086CB1FD6756F008C3116 /* main.c */,
				84F086D21FD6758A008C3116 /* project.c */,
				84F086D31FD6758A008C3116 /* project.h */,
			);
			path = "扫雷";
			sourceTree = "<group>";
		};
/* End PBXGroup section */

/* Begin PBXNativeTarget section */
		84F086C71FD6756F008C3116 /* 扫雷 */ = {
			isa = PBXNativeTarget;
			buildConfigurationList = 84F086CF1FD6756F008C3116 /* Build configuration list for PBXNativeTarget "扫雷" */;
			buildPhases = (
				84F086C41FD6756F008C3116 /* Sources */,
				84F086C51FD6756F008C3116 /* Frameworks */,
				84F086C61FD6756F008C3116 /* CopyFiles */,
			);
			buildRules = (
			);
			dependencies = (
			);
			name = "扫雷";
			productName = "扫雷";
			productReference = 84F086C81FD6756F008C3116 /* 扫雷 */;
			productType = "com.apple.product-type.tool";
		};
/* End PBXNativeTarget section */

/* Begin PBXProject section */
		84F086C01FD6756F008C3116 /* Project object */ = {
			isa = PBXProject;
			attributes = {
				LastUpgradeCheck = 0820;
				ORGANIZATIONNAME = Amon;
				TargetAttributes = {
					84F086C71FD6756F008C3116 = {
						CreatedOnToolsVersion = 8.2.1;
						DevelopmentTeam = EP9ZZ7H4EH;
						ProvisioningStyle = Automatic;
					};
				};
			};
			buildConfigurationList = 84F086C31FD6756F008C3116 /* Build configuration list for PBXProject "扫雷" */;
			compatibilityVersion = "Xcode 3.2";
			developmentRegion = English;
			hasScannedForEncodings = 0;
			knownRegions = (
				en,
			);
			mainGroup = 84F086BF1FD6756F008C3116;
			productRefGroup = 84F086C91FD6756F008C3116 /* Products */;
			projectDirPath = "";
			projectRoot = "";
			targets = (
				84F086C71FD6756F008C3116 /* 扫雷 */,
			);
		};
/* End PBXProject section */

/* Begin PBXSourcesBuildPhase section */
		84F086C41FD6756F008C3116 /* Sources */ = {
			isa = PBXSourcesBuildPhase;
			buildActionMask = 2147483647;
			files = (
				84F086CC1FD6756F008C3116 /* main.c in Sources */,
				84F086D41FD6758A008C3116 /* project.c in Sources */,
			);
			runOnlyForDeploymentPostprocessing = 0;
		};
/* End PBXSourcesBuildPhase section */

/* Begin XCBuildConfiguration section */
		84F086CD1FD6756F008C3116 /* Debug */ = {
			isa = XCBuildConfiguration;
			buildSettings = {
				ALWAYS_SEARCH_USER_PATHS = NO;
				CLANG_ANALYZER_NONNULL = YES;
				CLANG_CXX_LANGUAGE_STANDARD = "gnu++0x";
				CLANG_CXX_LIBRARY = "libc++";
				CLANG_ENABLE_MODULES = YES;
				CLANG_ENABLE_OBJC_ARC = YES;
				CLANG_WARN_BOOL_CONVERSION = YES;
				CLANG_WARN_CONSTANT_CONVERSION = YES;
				CLANG_WARN_DIRECT_OBJC_ISA_USAGE = YES_ERROR;
				CLANG_WARN_DOCUMENTATION_COMMENTS = YES;
				CLANG_WARN_EMPTY_BODY = YES;
				CLANG_WARN_ENUM_CONVERSION = YES;
				CLANG_WARN_INFINITE_RECURSION = YES;
				CLANG_WARN_INT_CONVERSION = YES;
				CLANG_WARN_OBJC_ROOT_CLASS = YES_ERROR;
				CLANG_WARN_SUSPICIOUS_MOVE = YES;
				CLANG_WARN_UNREACHABLE_CODE = YES;
				CLANG_WARN__DUPLICATE_METHOD_MATCH = YES;
				CODE_SIGN_IDENTITY = "-";
				COPY_PHASE_STRIP = NO;
				DEBUG_INFORMATION_FORMAT = dwarf;
				ENABLE_STRICT_OBJC_MSGSEND = YES;
				ENABLE_TESTABILITY = YES;
				GCC_C_LANGUAGE_STANDARD = gnu99;
				GCC_DYNAMIC_NO_PIC = NO;
				GCC_NO_COMMON_BLOCKS = YES;
				GCC_OPTIMIZATION_LEVEL = 0;
				GCC_PREPROCESSOR_DEFINITIONS = (
					"DEBUG=1",
					"$(inherited)",
				);
				GCC_WARN_64_TO_32_BIT_CONVERSION = YES;
				GCC_WARN_ABOUT_RETURN_TYPE = YES_ERROR;
				GCC_WARN_UNDECLARED_SELECTOR = YES;
				GCC_WARN_UNINITIALIZED_AUTOS = YES_AGGRESSIVE;
				GCC_WARN_UNUSED_FUNCTION = YES;
				GCC_WARN_UNUSED_VARIABLE = YES;
				MACOSX_DEPLOYMENT_TARGET = 10.11;
				MTL_ENABLE_DEBUG_INFO = YES;
				ONLY_ACTIVE_ARCH = YES;
				SDKROOT = macosx;
			};
			name = Debug;
		};
		84F086CE1FD6756F008C3116 /* Release */ = {
			isa = XCBuildConfiguration;
			buildSettings = {
				ALWAYS_SEARCH_USER_PATHS = NO;
				CLANG_ANALYZER_NONNULL = YES;
				CLANG_CXX_LANGUAGE_STANDARD = "gnu++0x";
				CLANG_CXX_LIBRARY = "libc++";
				CLANG_ENABLE_MODULES = YES;
				CLANG_ENABLE_OBJC_ARC = YES;
				CLANG_WARN_BOOL_CONVERSION = YES;
				CLANG_WARN_CONSTANT_CONVERSION = YES;
				CLANG_WARN_DIRECT_OBJC_ISA_USAGE = YES_ERROR;
				CLANG_WARN_DOCUMENTATION_COMMENTS = YES;
				CLANG_WARN_EMPTY_BODY = YES;
				CLANG_WARN_ENUM_CONVERSION = YES;
				CLANG_WARN_INFINITE_RECURSION = YES;
				CLANG_WARN_INT_CONVERSION = YES;
				CLANG_WARN_OBJC_ROOT_CLASS = YES_ERROR;
				CLANG_WARN_SUSPICIOUS_MOVE = YES;
				CLANG_WARN_UNREACHABLE_CODE = YES;
				CLANG_WARN__DUPLICATE_METHOD_MATCH = YES;
				CODE_SIGN_IDENTITY = "-";
				COPY_PHASE_STRIP = NO;
				DEBUG_INFORMATION_FORMAT = "dwarf-with-dsym";
				ENABLE_NS_ASSERTIONS = NO;
				ENABLE_STRICT_OBJC_MSGSEND = YES;
				GCC_C_LANGUAGE_STANDARD = gnu99;
				GCC_NO_COMMON_BLOCKS = YES;
				GCC_WARN_64_TO_32_BIT_CONVERSION = YES;
				GCC_WARN_ABOUT_RETURN_TYPE = YES_ERROR;
				GCC_WARN_UNDECLARED_SELECTOR = YES;
				GCC_WARN_UNINITIALIZED_AUTOS = YES_AGGRESSIVE;
				GCC_WARN_UNUSED_FUNCTION = YES;
				GCC_WARN_UNUSED_VARIABLE = YES;
				MACOSX_DEPLOYMENT_TARGET = 10.11;
				MTL_ENABLE_DEBUG_INFO = NO;
				SDKROOT = macosx;
			};
			name = Release;
		};
		84F086D01FD6756F008C3116 /* Debug */ = {
			isa = XCBuildConfiguration;
			buildSettings = {
				DEVELOPMENT_TEAM = EP9ZZ7H4EH;
				PRODUCT_NAME = "$(TARGET_NAME)";
			};
			name = Debug;
		};
		84F086D11FD6756F008C3116 /* Release */ = {
			isa = XCBuildConfiguration;
			buildSettings = {
				DEVELOPMENT_TEAM = EP9ZZ7H4EH;
				PRODUCT_NAME = "$(TARGET_NAME)";
			};
			name = Release;
		};
/* End XCBuildConfiguration section */

/* Begin XCConfigurationList section */
		84F086C31FD6756F008C3116 /* Build configuration list for PBXProject "扫雷" */ = {
			isa = XCConfigurationList;
			buildConfigurations = (
				84F086CD1FD6756F008C3116 /* Debug */,
				84F086CE1FD6756F008C3116 /* Release */,
			);
			defaultConfigurationIsVisible = 0;
			defaultConfigurationName = Release;
		};
		84F086CF1FD6756F008C3116 /* Build configuration list for PBXNativeTarget "扫雷" */ = {
			isa = XCConfigurationList;
			buildConfigurations = (
				84F086D01FD6756F008C3116 /* Debug */,
				84F086D11FD6756F008C3116 /* Release */,
			);
			defaultConfigurationIsVisible = 0;
		};
/* End XCConfigurationList section */
	};
	rootObject = 84F086C01FD6756F008C3116 /* Project object */;
}
